
Microsoft Visual Studio Solution File, Format Version 11.00
# Visual Studio 2010
Project("{8BC9CEB8-8B4A-11D0-8D11-00A0C91BC942}") = "Advanced_20", "Advanced_20\Advanced_20.vcxproj", "{558F2936-CCF1-4C56-8ECC-35FF0452BA7E}"
EndProject
Global
	GlobalSection(SolutionConfigurationPlatforms) = preSolution
		Debug|Win32 = Debug|Win32
		Release|Win32 = Release|Win32
	EndGlobalSection
	GlobalSection(ProjectConfigurationPlatforms) = postSolution
		{558F2936-CCF1-4C56-8ECC-35FF0452BA7E}.Debug|Win32.ActiveCfg = Debug|Win32
		{558F2936-CCF1-4C56-8ECC-35FF0452BA7E}.Debug|Win32.Build.0 = Debug|Win32
		{558F2936-CCF1-4C56-8ECC-35FF0452BA7E}.Release|Win32.ActiveCfg = Release|Win32
		{558F2936-CCF1-4C56-8ECC-35FF0452BA7E}.Release|Win32.Build.0 = Release|Win32
	EndGlobalSection
	GlobalSection(SolutionProperties) = preSolution
		HideSolutionNode = FALSE
	EndGlobalSection
EndGlobal
