
Microsoft Visual Studio Solution File, Format Version 11.00
# Visual Studio 2010
Project("{8BC9CEB8-8B4A-11D0-8D11-00A0C91BC942}") = "Advanced_24", "Advanced_24\Advanced_24.vcxproj", "{9ED44A21-2268-43D0-99F0-5A591AAB348F}"
EndProject
Global
	GlobalSection(SolutionConfigurationPlatforms) = preSolution
		Debug|Win32 = Debug|Win32
		Release|Win32 = Release|Win32
	EndGlobalSection
	GlobalSection(ProjectConfigurationPlatforms) = postSolution
		{9ED44A21-2268-43D0-99F0-5A591AAB348F}.Debug|Win32.ActiveCfg = Debug|Win32
		{9ED44A21-2268-43D0-99F0-5A591AAB348F}.Debug|Win32.Build.0 = Debug|Win32
		{9ED44A21-2268-43D0-99F0-5A591AAB348F}.Release|Win32.ActiveCfg = Release|Win32
		{9ED44A21-2268-43D0-99F0-5A591AAB348F}.Release|Win32.Build.0 = Release|Win32
	EndGlobalSection
	GlobalSection(SolutionProperties) = preSolution
		HideSolutionNode = FALSE
	EndGlobalSection
EndGlobal
