
Microsoft Visual Studio Solution File, Format Version 11.00
# Visual Studio 2010
Project("{8BC9CEB8-8B4A-11D0-8D11-00A0C91BC942}") = "Advanced_25-1", "Advanced_25-1.vcxproj", "{EEF1E343-CED2-4AD2-B78F-C6B08B22B607}"
EndProject
Global
	GlobalSection(SolutionConfigurationPlatforms) = preSolution
		Debug|Win32 = Debug|Win32
		Release|Win32 = Release|Win32
	EndGlobalSection
	GlobalSection(ProjectConfigurationPlatforms) = postSolution
		{EEF1E343-CED2-4AD2-B78F-C6B08B22B607}.Debug|Win32.ActiveCfg = Debug|Win32
		{EEF1E343-CED2-4AD2-B78F-C6B08B22B607}.Debug|Win32.Build.0 = Debug|Win32
		{EEF1E343-CED2-4AD2-B78F-C6B08B22B607}.Release|Win32.ActiveCfg = Release|Win32
		{EEF1E343-CED2-4AD2-B78F-C6B08B22B607}.Release|Win32.Build.0 = Release|Win32
	EndGlobalSection
	GlobalSection(SolutionProperties) = preSolution
		HideSolutionNode = FALSE
	EndGlobalSection
EndGlobal
